// !$*UTF8*$!
{
	archiveVersion = 1;
	classes = {
	};
	objectVersion = 46;
	objects = {

/* Begin PBXBuildFile section */
		225A4E861EA5ED90002CBFE4 /* main.swift in Sources */ = {isa = PBXBuildFile; fileRef = 225A4E851EA5ED90002CBFE4 /* main.swift */; };
		225A4E991EA5EF98002CBFE4 /* CastleCompany.swift in Sources */ = {isa = PBXBuildFile; fileRef = 225A4E981EA5EF98002CBFE4 /* CastleCompany.swift */; };
		225A4E9B1EA5EFA8002CBFE4 /* TransformationCompany.swift in Sources */ = {isa = PBXBuildFile; fileRef = 225A4E9A1EA5EFA8002CBFE4 /* TransformationCompany.swift */; };
		225A4E9D1EA5EFB3002CBFE4 /* CastleCompany_test.swift in Sources */ = {isa = PBXBuildFile; fileRef = 225A4E9C1EA5EFB3002CBFE4 /* CastleCompany_test.swift */; };
		225A4E9F1EA5EFC8002CBFE4 /* TransformationCompany_test.swift in Sources */ = {isa = PBXBuildFile; fileRef = 225A4E9E1EA5EFC8002CBFE4 /* TransformationCompany_test.swift */; };
		225A4EA01EA5F6AE002CBFE4 /* TransformationCompany.swift in Sources */ = {isa = PBXBuildFile; fileRef = 225A4E9A1EA5EFA8002CBFE4 /* TransformationCompany.swift */; };
		225A4EA11EA5F6B1002CBFE4 /* CastleCompany.swift in Sources */ = {isa = PBXBuildFile; fileRef = 225A4E981EA5EF98002CBFE4 /* CastleCompany.swift */; };
		225A4EDE1EA694C4002CBFE4 /* Transformer_test.swift in Sources */ = {isa = PBXBuildFile; fileRef = 225A4EDD1EA694C4002CBFE4 /* Transformer_test.swift */; };
		225A4EE11EA6993F002CBFE4 /* Transformer.swift in Sources */ = {isa = PBXBuildFile; fileRef = 225A4EDB1EA693AB002CBFE4 /* Transformer.swift */; };
		225A4EE21EA69940002CBFE4 /* Transformer.swift in Sources */ = {isa = PBXBuildFile; fileRef = 225A4EDB1EA693AB002CBFE4 /* Transformer.swift */; };
/* End PBXBuildFile section */

/* Begin PBXCopyFilesBuildPhase section */
		225A4E801EA5ED90002CBFE4 /* CopyFiles */ = {
			isa = PBXCopyFilesBuildPhase;
			buildActionMask = 2147483647;
			dstPath = /usr/share/man/man1/;
			dstSubfolderSpec = 0;
			files = (
			);
			runOnlyForDeploymentPostprocessing = 1;
		};
/* End PBXCopyFilesBuildPhase section */

/* Begin PBXFileReference section */
		225A4E821EA5ED90002CBFE4 /* Aequilirum */ = {isa = PBXFileReference; explicitFileType = "compiled.mach-o.executable"; includeInIndex = 0; path = Aequilirum; sourceTree = BUILT_PRODUCTS_DIR; };
		225A4E851EA5ED90002CBFE4 /* main.swift */ = {isa = PBXFileReference; lastKnownFileType = sourcecode.swift; path = main.swift; sourceTree = "<group>"; };
		225A4E901EA5ED9E002CBFE4 /* Tests.xctest */ = {isa = PBXFileReference; explicitFileType = wrapper.cfbundle; includeInIndex = 0; path = Tests.xctest; sourceTree = BUILT_PRODUCTS_DIR; };
		225A4E941EA5ED9E002CBFE4 /* Info.plist */ = {isa = PBXFileReference; lastKnownFileType = text.plist.xml; path = Info.plist; sourceTree = "<group>"; };
		225A4E981EA5EF98002CBFE4 /* CastleCompany.swift */ = {isa = PBXFileReference; fileEncoding = 4; lastKnownFileType = sourcecode.swift; path = CastleCompany.swift; sourceTree = "<group>"; };
		225A4E9A1EA5EFA8002CBFE4 /* TransformationCompany.swift */ = {isa = PBXFileReference; fileEncoding = 4; lastKnownFileType = sourcecode.swift; path = TransformationCompany.swift; sourceTree = "<group>"; };
		225A4E9C1EA5EFB3002CBFE4 /* CastleCompany_test.swift */ = {isa = PBXFileReference; fileEncoding = 4; lastKnownFileType = sourcecode.swift; path = CastleCompany_test.swift; sourceTree = "<group>"; };
		225A4E9E1EA5EFC8002CBFE4 /* TransformationCompany_test.swift */ = {isa = PBXFileReference; fileEncoding = 4; lastKnownFileType = sourcecode.swift; path = TransformationCompany_test.swift; sourceTree = "<group>"; };
		225A4EDB1EA693AB002CBFE4 /* Transformer.swift */ = {isa = PBXFileReference; fileEncoding = 4; lastKnownFileType = sourcecode.swift; path = Transformer.swift; sourceTree = "<group>"; };
		225A4EDD1EA694C4002CBFE4 /* Transformer_test.swift */ = {isa = PBXFileReference; fileEncoding = 4; lastKnownFileType = sourcecode.swift; path = Transformer_test.swift; sourceTree = "<group>"; };
/* End PBXFileReference section */

/* Begin PBXFrameworksBuildPhase section */
		225A4E7F1EA5ED90002CBFE4 /* Frameworks */ = {
			isa = PBXFrameworksBuildPhase;
			buildActionMask = 2147483647;
			files = (
			);
			runOnlyForDeploymentPostprocessing = 0;
		};
		225A4E8D1EA5ED9E002CBFE4 /* Frameworks */ = {
			isa = PBXFrameworksBuildPhase;
			buildActionMask = 2147483647;
			files = (
			);
			runOnlyForDeploymentPostprocessing = 0;
		};
/* End PBXFrameworksBuildPhase section */

/* Begin PBXGroup section */
		225A4E791EA5ED90002CBFE4 = {
			isa = PBXGroup;
			children = (
				225A4E841EA5ED90002CBFE4 /* Aequilirum */,
				225A4E911EA5ED9E002CBFE4 /* Tests */,
				225A4E831EA5ED90002CBFE4 /* Products */,
			);
			sourceTree = "<group>";
		};
		225A4E831EA5ED90002CBFE4 /* Products */ = {
			isa = PBXGroup;
			children = (
				225A4E821EA5ED90002CBFE4 /* Aequilirum */,
				225A4E901EA5ED9E002CBFE4 /* Tests.xctest */,
			);
			name = Products;
			sourceTree = "<group>";
		};
		225A4E841EA5ED90002CBFE4 /* Aequilirum */ = {
			isa = PBXGroup;
			children = (
				225A4E851EA5ED90002CBFE4 /* main.swift */,
				225A4E9A1EA5EFA8002CBFE4 /* TransformationCompany.swift */,
				225A4E981EA5EF98002CBFE4 /* CastleCompany.swift */,
				225A4EDB1EA693AB002CBFE4 /* Transformer.swift */,
			);
			path = Aequilirum;
			sourceTree = "<group>";
		};
		225A4E911EA5ED9E002CBFE4 /* Tests */ = {
			isa = PBXGroup;
			children = (
				225A4E941EA5ED9E002CBFE4 /* Info.plist */,
				225A4E9C1EA5EFB3002CBFE4 /* CastleCompany_test.swift */,
				225A4E9E1EA5EFC8002CBFE4 /* TransformationCompany_test.swift */,
				225A4EDD1EA694C4002CBFE4 /* Transformer_test.swift */,
			);
			path = Tests;
			sourceTree = "<group>";
		};
/* End PBXGroup section */

/* Begin PBXNativeTarget section */
		225A4E811EA5ED90002CBFE4 /* Aequilirum */ = {
			isa = PBXNativeTarget;
			buildConfigurationList = 225A4E891EA5ED90002CBFE4 /* Build configuration list for PBXNativeTarget "Aequilirum" */;
			buildPhases = (
				225A4E7E1EA5ED90002CBFE4 /* Sources */,
				225A4E7F1EA5ED90002CBFE4 /* Frameworks */,
				225A4E801EA5ED90002CBFE4 /* CopyFiles */,
			);
			buildRules = (
			);
			dependencies = (
			);
			name = Aequilirum;
			productName = Aequilirum;
			productReference = 225A4E821EA5ED90002CBFE4 /* Aequilirum */;
			productType = "com.apple.product-type.tool";
		};
		225A4E8F1EA5ED9E002CBFE4 /* Tests */ = {
			isa = PBXNativeTarget;
			buildConfigurationList = 225A4E951EA5ED9E002CBFE4 /* Build configuration list for PBXNativeTarget "Tests" */;
			buildPhases = (
				225A4E8C1EA5ED9E002CBFE4 /* Sources */,
				225A4E8D1EA5ED9E002CBFE4 /* Frameworks */,
				225A4E8E1EA5ED9E002CBFE4 /* Resources */,
			);
			buildRules = (
			);
			dependencies = (
			);
			name = Tests;
			productName = Tests;
			productReference = 225A4E901EA5ED9E002CBFE4 /* Tests.xctest */;
			productType = "com.apple.product-type.bundle.unit-test";
		};
/* End PBXNativeTarget section */

/* Begin PBXProject section */
		225A4E7A1EA5ED90002CBFE4 /* Project object */ = {
			isa = PBXProject;
			attributes = {
				LastSwiftUpdateCheck = 0830;
				LastUpgradeCheck = 0830;
				ORGANIZATIONNAME = "David Kwok Ho Chan";
				TargetAttributes = {
					225A4E811EA5ED90002CBFE4 = {
						CreatedOnToolsVersion = 8.3.1;
						DevelopmentTeam = J9T57DG7T3;
						ProvisioningStyle = Automatic;
					};
					225A4E8F1EA5ED9E002CBFE4 = {
						CreatedOnToolsVersion = 8.3.1;
						DevelopmentTeam = J9T57DG7T3;
						ProvisioningStyle = Automatic;
					};
				};
			};
			buildConfigurationList = 225A4E7D1EA5ED90002CBFE4 /* Build configuration list for PBXProject "Aequilirum" */;
			compatibilityVersion = "Xcode 3.2";
			developmentRegion = English;
			hasScannedForEncodings = 0;
			knownRegions = (
				en,
			);
			mainGroup = 225A4E791EA5ED90002CBFE4;
			productRefGroup = 225A4E831EA5ED90002CBFE4 /* Products */;
			projectDirPath = "";
			projectRoot = "";
			targets = (
				225A4E811EA5ED90002CBFE4 /* Aequilirum */,
				225A4E8F1EA5ED9E002CBFE4 /* Tests */,
			);
		};
/* End PBXProject section */

/* Begin PBXResourcesBuildPhase section */
		225A4E8E1EA5ED9E002CBFE4 /* Resources */ = {
			isa = PBXResourcesBuildPhase;
			buildActionMask = 2147483647;
			files = (
			);
			runOnlyForDeploymentPostprocessing = 0;
		};
/* End PBXResourcesBuildPhase section */

/* Begin PBXSourcesBuildPhase section */
		225A4E7E1EA5ED90002CBFE4 /* Sources */ = {
			isa = PBXSourcesBuildPhase;
			buildActionMask = 2147483647;
			files = (
				225A4EE21EA69940002CBFE4 /* Transformer.swift in Sources */,
				225A4E861EA5ED90002CBFE4 /* main.swift in Sources */,
				225A4E9B1EA5EFA8002CBFE4 /* TransformationCompany.swift in Sources */,
				225A4E991EA5EF98002CBFE4 /* CastleCompany.swift in Sources */,
			);
			runOnlyForDeploymentPostprocessing = 0;
		};
		225A4E8C1EA5ED9E002CBFE4 /* Sources */ = {
			isa = PBXSourcesBuildPhase;
			buildActionMask = 2147483647;
			files = (
				225A4EA01EA5F6AE002CBFE4 /* TransformationCompany.swift in Sources */,
				225A4EDE1EA694C4002CBFE4 /* Transformer_test.swift in Sources */,
				225A4EE11EA6993F002CBFE4 /* Transformer.swift in Sources */,
				225A4E9F1EA5EFC8002CBFE4 /* TransformationCompany_test.swift in Sources */,
				225A4EA11EA5F6B1002CBFE4 /* CastleCompany.swift in Sources */,
				225A4E9D1EA5EFB3002CBFE4 /* CastleCompany_test.swift in Sources */,
			);
			runOnlyForDeploymentPostprocessing = 0;
		};
/* End PBXSourcesBuildPhase section */

/* Begin XCBuildConfiguration section */
		225A4E871EA5ED90002CBFE4 /* Debug */ = {
			isa = XCBuildConfiguration;
			buildSettings = {
				ALWAYS_SEARCH_USER_PATHS = NO;
				CLANG_ANALYZER_NONNULL = YES;
				CLANG_ANALYZER_NUMBER_OBJECT_CONVERSION = YES_AGGRESSIVE;
				CLANG_CXX_LANGUAGE_STANDARD = "gnu++0x";
				CLANG_CXX_LIBRARY = "libc++";
				CLANG_ENABLE_MODULES = YES;
				CLANG_ENABLE_OBJC_ARC = YES;
				CLANG_WARN_BOOL_CONVERSION = YES;
				CLANG_WARN_CONSTANT_CONVERSION = YES;
				CLANG_WARN_DIRECT_OBJC_ISA_USAGE = YES_ERROR;
				CLANG_WARN_DOCUMENTATION_COMMENTS = YES;
				CLANG_WARN_EMPTY_BODY = YES;
				CLANG_WARN_ENUM_CONVERSION = YES;
				CLANG_WARN_INFINITE_RECURSION = YES;
				CLANG_WARN_INT_CONVERSION = YES;
				CLANG_WARN_OBJC_ROOT_CLASS = YES_ERROR;
				CLANG_WARN_SUSPICIOUS_MOVE = YES;
				CLANG_WARN_UNREACHABLE_CODE = YES;
				CLANG_WARN__DUPLICATE_METHOD_MATCH = YES;
				CODE_SIGN_IDENTITY = "-";
				COPY_PHASE_STRIP = NO;
				DEBUG_INFORMATION_FORMAT = dwarf;
				ENABLE_STRICT_OBJC_MSGSEND = YES;
				ENABLE_TESTABILITY = YES;
				GCC_C_LANGUAGE_STANDARD = gnu99;
				GCC_DYNAMIC_NO_PIC = NO;
				GCC_NO_COMMON_BLOCKS = YES;
				GCC_OPTIMIZATION_LEVEL = 0;
				GCC_PREPROCESSOR_DEFINITIONS = (
					"DEBUG=1",
					"$(inherited)",
				);
				GCC_WARN_64_TO_32_BIT_CONVERSION = YES;
				GCC_WARN_ABOUT_RETURN_TYPE = YES_ERROR;
				GCC_WARN_UNDECLARED_SELECTOR = YES;
				GCC_WARN_UNINITIALIZED_AUTOS = YES_AGGRESSIVE;
				GCC_WARN_UNUSED_FUNCTION = YES;
				GCC_WARN_UNUSED_VARIABLE = YES;
				MACOSX_DEPLOYMENT_TARGET = 10.12;
				MTL_ENABLE_DEBUG_INFO = YES;
				ONLY_ACTIVE_ARCH = YES;
				SDKROOT = macosx;
				SWIFT_OPTIMIZATION_LEVEL = "-Onone";
			};
			name = Debug;
		};
		225A4E881EA5ED90002CBFE4 /* Release */ = {
			isa = XCBuildConfiguration;
			buildSettings = {
				ALWAYS_SEARCH_USER_PATHS = NO;
				CLANG_ANALYZER_NONNULL = YES;
				CLANG_ANALYZER_NUMBER_OBJECT_CONVERSION = YES_AGGRESSIVE;
				CLANG_CXX_LANGUAGE_STANDARD = "gnu++0x";
				CLANG_CXX_LIBRARY = "libc++";
				CLANG_ENABLE_MODULES = YES;
				CLANG_ENABLE_OBJC_ARC = YES;
				CLANG_WARN_BOOL_CONVERSION = YES;
				CLANG_WARN_CONSTANT_CONVERSION = YES;
				CLANG_WARN_DIRECT_OBJC_ISA_USAGE = YES_ERROR;
				CLANG_WARN_DOCUMENTATION_COMMENTS = YES;
				CLANG_WARN_EMPTY_BODY = YES;
				CLANG_WARN_ENUM_CONVERSION = YES;
				CLANG_WARN_INFINITE_RECURSION = YES;
				CLANG_WARN_INT_CONVERSION = YES;
				CLANG_WARN_OBJC_ROOT_CLASS = YES_ERROR;
				CLANG_WARN_SUSPICIOUS_MOVE = YES;
				CLANG_WARN_UNREACHABLE_CODE = YES;
				CLANG_WARN__DUPLICATE_METHOD_MATCH = YES;
				CODE_SIGN_IDENTITY = "-";
				COPY_PHASE_STRIP = NO;
				DEBUG_INFORMATION_FORMAT = "dwarf-with-dsym";
				ENABLE_NS_ASSERTIONS = NO;
				ENABLE_STRICT_OBJC_MSGSEND = YES;
				GCC_C_LANGUAGE_STANDARD = gnu99;
				GCC_NO_COMMON_BLOCKS = YES;
				GCC_WARN_64_TO_32_BIT_CONVERSION = YES;
				GCC_WARN_ABOUT_RETURN_TYPE = YES_ERROR;
				GCC_WARN_UNDECLARED_SELECTOR = YES;
				GCC_WARN_UNINITIALIZED_AUTOS = YES_AGGRESSIVE;
				GCC_WARN_UNUSED_FUNCTION = YES;
				GCC_WARN_UNUSED_VARIABLE = YES;
				MACOSX_DEPLOYMENT_TARGET = 10.12;
				MTL_ENABLE_DEBUG_INFO = NO;
				SDKROOT = macosx;
			};
			name = Release;
		};
		225A4E8A1EA5ED90002CBFE4 /* Debug */ = {
			isa = XCBuildConfiguration;
			buildSettings = {
				DEVELOPMENT_TEAM = J9T57DG7T3;
				PRODUCT_NAME = "$(TARGET_NAME)";
				SWIFT_VERSION = 3.0;
			};
			name = Debug;
		};
		225A4E8B1EA5ED90002CBFE4 /* Release */ = {
			isa = XCBuildConfiguration;
			buildSettings = {
				DEVELOPMENT_TEAM = J9T57DG7T3;
				PRODUCT_NAME = "$(TARGET_NAME)";
				SWIFT_VERSION = 3.0;
			};
			name = Release;
		};
		225A4E961EA5ED9E002CBFE4 /* Debug */ = {
			isa = XCBuildConfiguration;
			buildSettings = {
				COMBINE_HIDPI_IMAGES = YES;
				DEVELOPMENT_TEAM = J9T57DG7T3;
				INFOPLIST_FILE = Tests/Info.plist;
				LD_RUNPATH_SEARCH_PATHS = "$(inherited) @executable_path/../Frameworks @loader_path/../Frameworks";
				PRODUCT_BUNDLE_IDENTIFIER = com.geniemedialabs.Tests;
				PRODUCT_NAME = "$(TARGET_NAME)";
				SWIFT_ACTIVE_COMPILATION_CONDITIONS = DEBUG;
				SWIFT_VERSION = 3.0;
			};
			name = Debug;
		};
		225A4E971EA5ED9E002CBFE4 /* Release */ = {
			isa = XCBuildConfiguration;
			buildSettings = {
				COMBINE_HIDPI_IMAGES = YES;
				DEVELOPMENT_TEAM = J9T57DG7T3;
				INFOPLIST_FILE = Tests/Info.plist;
				LD_RUNPATH_SEARCH_PATHS = "$(inherited) @executable_path/../Frameworks @loader_path/../Frameworks";
				PRODUCT_BUNDLE_IDENTIFIER = com.geniemedialabs.Tests;
				PRODUCT_NAME = "$(TARGET_NAME)";
				SWIFT_OPTIMIZATION_LEVEL = "-Owholemodule";
				SWIFT_VERSION = 3.0;
			};
			name = Release;
		};
/* End XCBuildConfiguration section */

/* Begin XCConfigurationList section */
		225A4E7D1EA5ED90002CBFE4 /* Build configuration list for PBXProject "Aequilirum" */ = {
			isa = XCConfigurationList;
			buildConfigurations = (
				225A4E871EA5ED90002CBFE4 /* Debug */,
				225A4E881EA5ED90002CBFE4 /* Release */,
			);
			defaultConfigurationIsVisible = 0;
			defaultConfigurationName = Release;
		};
		225A4E891EA5ED90002CBFE4 /* Build configuration list for PBXNativeTarget "Aequilirum" */ = {
			isa = XCConfigurationList;
			buildConfigurations = (
				225A4E8A1EA5ED90002CBFE4 /* Debug */,
				225A4E8B1EA5ED90002CBFE4 /* Release */,
			);
			defaultConfigurationIsVisible = 0;
			defaultConfigurationName = Release;
		};
		225A4E951EA5ED9E002CBFE4 /* Build configuration list for PBXNativeTarget "Tests" */ = {
			isa = XCConfigurationList;
			buildConfigurations = (
				225A4E961EA5ED9E002CBFE4 /* Debug */,
				225A4E971EA5ED9E002CBFE4 /* Release */,
			);
			defaultConfigurationIsVisible = 0;
			defaultConfigurationName = Release;
		};
/* End XCConfigurationList section */
	};
	rootObject = 225A4E7A1EA5ED90002CBFE4 /* Project object */;
}
